<?xml version="1.0" encoding="UTF-8"?>
<!DOCTYPE plist PUBLIC "-//Apple//DTD PLIST 1.0//EN" "http://www.apple.com/DTDs/PropertyList-1.0.dtd">
<plist version="1.0">
<dict>
	<key>archiveVersion</key>
	<integer>1</integer>
	<key>classes</key>
	<dict/>
	<key>objectVersion</key>
	<integer>56</integer>
	<key>objects</key>
	<dict>
		<key>0899665CB70B51364FD3EACC</key>
		<dict>
			<key>buildConfigurations</key>
			<array>
				<string>8EE6B6ADC095CDC56BE16A9E</string>
				<string>C25F4F6540DF31069317F7C3</string>
			</array>
			<key>defaultConfigurationIsVisible</key>
			<integer>0</integer>
			<key>defaultConfigurationName</key>
			<string>Release</string>
			<key>isa</key>
			<string>XCConfigurationList</string>
		</dict>
		<key>0BCFF3790758B64B5F588410</key>
		<dict>
			<key>fileRef</key>
			<string>8CA37D8760849C1796B91CFB</string>
			<key>isa</key>
			<string>PBXBuildFile</string>
		</dict>
		<key>0D0D0EC4F4655E6EC05F4644</key>
		<dict>
			<key>buildActionMask</key>
			<integer>2147483647</integer>
			<key>files</key>
			<array/>
			<key>isa</key>
			<string>PBXFrameworksBuildPhase</string>
			<key>runOnlyForDeploymentPostprocessing</key>
			<integer>0</integer>
		</dict>
		<key>32112B69DE77256709CED046</key>
		<dict>
			<key>fileRef</key>
			<string>B2B7A54C5E4D3641A0ACFB96</string>
			<key>isa</key>
			<string>PBXBuildFile</string>
		</dict>
		<key>42AEFBAE01D2DFD981F7DA7D</key>
		<dict>
			<key>buildConfigurationList</key>
			<string>0899665CB70B51364FD3EACC</string>
			<key>buildPhases</key>
			<array>
				<string>7B1AB24959979FF757979CE2</string>
				<string>0D0D0EC4F4655E6EC05F4644</string>
				<string>B22A3451AEE081E29DEBFBCA</string>
			</array>
			<key>buildRules</key>
			<array/>
			<key>dependencies</key>
			<array/>
			<key>isa</key>
			<string>PBXNativeTarget</string>
			<key>name</key>
			<string>FateWise</string>
			<key>productName</key>
			<string>FateWise</string>
			<key>productReference</key>
			<string>79ADC6EED14B8805F9DF98B4</string>
			<key>productType</key>
			<string>com.apple.product-type.application</string>
		</dict>
		<key>56208123FD24E6A5A8C50DF4</key>
		<dict>
			<key>buildConfigurations</key>
			<array>
				<string>8EE6B6ADC095CDC56BE16A9E</string>
				<string>C25F4F6540DF31069317F7C3</string>
			</array>
			<key>defaultConfigurationIsVisible</key>
			<integer>0</integer>
			<key>defaultConfigurationName</key>
			<string>Release</string>
			<key>isa</key>
			<string>XCConfigurationList</string>
		</dict>
		<key>573E76B16F00DE7171355BBE</key>
		<dict>
			<key>explicitFileType</key>
			<string>sourcecode.swift</string>
			<key>isa</key>
			<string>PBXFileReference</string>
			<key>path</key>
			<string>Constants.swift</string>
			<key>sourceTree</key>
			<string>&lt;group&gt;</string>
		</dict>
		<key>5928955287B8089ED2177128</key>
		<dict>
			<key>children</key>
			<array>
				<string>D685C104AFFBCF83C7CB0FB6</string>
				<string>A97C29AD63741CF438998CE6</string>
			</array>
			<key>isa</key>
			<string>PBXGroup</string>
			<key>sourceTree</key>
			<string>&lt;group&gt;</string>
		</dict>
		<key>63A9F0EA7BB98050796B649E</key>
		<dict>
			<key>attributes</key>
			<dict>
				<key>BuildIndependentTargetsInParallel</key>
				<integer>1</integer>
				<key>LastSwiftUpdateCheck</key>
				<integer>1600</integer>
				<key>LastUpgradeCheck</key>
				<integer>1600</integer>
			</dict>
			<key>buildConfigurationList</key>
			<string>56208123FD24E6A5A8C50DF4</string>
			<key>compatibilityVersion</key>
			<string>Xcode 14.0</string>
			<key>developmentRegion</key>
			<string>en</string>
			<key>hasScannedForEncodings</key>
			<integer>0</integer>
			<key>isa</key>
			<string>PBXProject</string>
			<key>knownRegions</key>
			<array>
				<string>en</string>
				<string>Base</string>
			</array>
			<key>mainGroup</key>
			<string>5928955287B8089ED2177128</string>
			<key>productRefGroup</key>
			<string>A97C29AD63741CF438998CE6</string>
			<key>targets</key>
			<array>
				<string>42AEFBAE01D2DFD981F7DA7D</string>
			</array>
		</dict>
		<key>66EE357BCDEF731269AF5457</key>
		<dict>
			<key>explicitFileType</key>
			<string>sourcecode.swift</string>
			<key>isa</key>
			<string>PBXFileReference</string>
			<key>path</key>
			<string>StarFieldView.swift</string>
			<key>sourceTree</key>
			<string>&lt;group&gt;</string>
		</dict>
		<key>79ADC6EED14B8805F9DF98B4</key>
		<dict>
			<key>explicitFileType</key>
			<string>wrapper.application</string>
			<key>isa</key>
			<string>PBXFileReference</string>
			<key>path</key>
			<string>FateWise.app</string>
			<key>sourceTree</key>
			<string>BUILT_PRODUCTS_DIR</string>
		</dict>
		<key>7B1AB24959979FF757979CE2</key>
		<dict>
			<key>buildActionMask</key>
			<integer>2147483647</integer>
			<key>files</key>
			<array>
				<string>E7ED208BA9F0F3FC98F140BC</string>
				<string>C8AFD69CF8DC6F8757506FF5</string>
				<string>BC9BA31773930D5D55A9A22B</string>
				<string>32112B69DE77256709CED046</string>
				<string>0BCFF3790758B64B5F588410</string>
				<string>9B8017C603EF6BB1B110314B</string>
				<string>8139624898A349ADA4ED5613</string>
			</array>
			<key>isa</key>
			<string>PBXSourcesBuildPhase</string>
			<key>runOnlyForDeploymentPostprocessing</key>
			<integer>0</integer>
		</dict>
		<key>8139624898A349ADA4ED5613</key>
		<dict>
			<key>fileRef</key>
			<string>D20C22F5695147CF2414E6AA</string>
			<key>isa</key>
			<string>PBXBuildFile</string>
		</dict>
		<key>8CA37D8760849C1796B91CFB</key>
		<dict>
			<key>explicitFileType</key>
			<string>sourcecode.swift</string>
			<key>isa</key>
			<string>PBXFileReference</string>
			<key>path</key>
			<string>SplashView.swift</string>
			<key>sourceTree</key>
			<string>&lt;group&gt;</string>
		</dict>
		<key>8EE6B6ADC095CDC56BE16A9E</key>
		<dict>
			<key>buildSettings</key>
			<dict>
				<key>ALWAYS_SEARCH_USER_PATHS</key>
				<string>NO</string>
				<key>ASSETCATALOG_COMPILER_GENERATE_SWIFT_ASSET_SYMBOL_EXTENSIONS</key>
				<string>YES</string>
				<key>CLANG_ANALYZER_NONNULL</key>
				<string>YES</string>
				<key>CLANG_CXX_LANGUAGE_STANDARD</key>
				<string>gnu++20</string>
				<key>CLANG_ENABLE_MODULES</key>
				<string>YES</string>
				<key>CLANG_ENABLE_OBJC_ARC</key>
				<string>YES</string>
				<key>DEBUG_INFORMATION_FORMAT</key>
				<string>dwarf</string>
				<key>ENABLE_STRICT_OBJC_MSGSEND</key>
				<string>YES</string>
				<key>ENABLE_TESTABILITY</key>
				<string>YES</string>
				<key>GCC_DYNAMIC_NO_PIC</key>
				<string>NO</string>
				<key>GCC_OPTIMIZATION_LEVEL</key>
				<string>0</string>
				<key>GCC_PREPROCESSOR_DEFINITIONS</key>
				<array>
					<string>DEBUG=1</string>
					<string>$(inherited)</string>
				</array>
				<key>INFOPLIST_FILE</key>
				<string>FateWise/Info.plist</string>
				<key>IPHONEOS_DEPLOYMENT_TARGET</key>
				<string>16.0</string>
				<key>MTL_ENABLE_DEBUG_INFO</key>
				<string>INCLUDE_SOURCE</string>
				<key>ONLY_ACTIVE_ARCH</key>
				<string>YES</string>
				<key>PRODUCT_BUNDLE_IDENTIFIER</key>
				<string>com.fatewise.app</string>
				<key>SDKROOT</key>
				<string>iphoneos</string>
				<key>SWIFT_ACTIVE_COMPILATION_CONDITIONS</key>
				<string>DEBUG</string>
				<key>SWIFT_OPTIMIZATION_LEVEL</key>
				<string>-Onone</string>
				<key>SWIFT_VERSION</key>
				<string>5.0</string>
				<key>TARGETED_DEVICE_FAMILY</key>
				<string>1,2</string>
			</dict>
			<key>isa</key>
			<string>XCBuildConfiguration</string>
			<key>name</key>
			<string>Debug</string>
		</dict>
		<key>9B8017C603EF6BB1B110314B</key>
		<dict>
			<key>fileRef</key>
			<string>E1E409D1DFB3898DD8512D54</string>
			<key>isa</key>
			<string>PBXBuildFile</string>
		</dict>
		<key>A97C29AD63741CF438998CE6</key>
		<dict>
			<key>children</key>
			<array>
				<string>79ADC6EED14B8805F9DF98B4</string>
			</array>
			<key>isa</key>
			<string>PBXGroup</string>
			<key>name</key>
			<string>Products</string>
			<key>sourceTree</key>
			<string>&lt;group&gt;</string>
		</dict>
		<key>B22A3451AEE081E29DEBFBCA</key>
		<dict>
			<key>buildActionMask</key>
			<integer>2147483647</integer>
			<key>files</key>
			<array/>
			<key>isa</key>
			<string>PBXResourcesBuildPhase</string>
			<key>runOnlyForDeploymentPostprocessing</key>
			<integer>0</integer>
		</dict>
		<key>B2B7A54C5E4D3641A0ACFB96</key>
		<dict>
			<key>explicitFileType</key>
			<string>sourcecode.swift</string>
			<key>isa</key>
			<string>PBXFileReference</string>
			<key>path</key>
			<string>WebView.swift</string>
			<key>sourceTree</key>
			<string>&lt;group&gt;</string>
		</dict>
		<key>BA2C4087C1F2C6BA31D3B010</key>
		<dict>
			<key>explicitFileType</key>
			<string>sourcecode.swift</string>
			<key>isa</key>
			<string>PBXFileReference</string>
			<key>path</key>
			<string>FateWiseApp.swift</string>
			<key>sourceTree</key>
			<string>&lt;group&gt;</string>
		</dict>
		<key>BC9BA31773930D5D55A9A22B</key>
		<dict>
			<key>fileRef</key>
			<string>66EE357BCDEF731269AF5457</string>
			<key>isa</key>
			<string>PBXBuildFile</string>
		</dict>
		<key>C25F4F6540DF31069317F7C3</key>
		<dict>
			<key>buildSettings</key>
			<dict>
				<key>ALWAYS_SEARCH_USER_PATHS</key>
				<string>NO</string>
				<key>ASSETCATALOG_COMPILER_GENERATE_SWIFT_ASSET_SYMBOL_EXTENSIONS</key>
				<string>YES</string>
				<key>CLANG_ANALYZER_NONNULL</key>
				<string>YES</string>
				<key>CLANG_CXX_LANGUAGE_STANDARD</key>
				<string>gnu++20</string>
				<key>CLANG_ENABLE_MODULES</key>
				<string>YES</string>
				<key>CLANG_ENABLE_OBJC_ARC</key>
				<string>YES</string>
				<key>DEBUG_INFORMATION_FORMAT</key>
				<string>dwarf-with-dsym</string>
				<key>ENABLE_NS_ASSERTIONS</key>
				<string>NO</string>
				<key>ENABLE_STRICT_OBJC_MSGSEND</key>
				<string>YES</string>
				<key>GCC_OPTIMIZATION_LEVEL</key>
				<string>s</string>
				<key>INFOPLIST_FILE</key>
				<string>FateWise/Info.plist</string>
				<key>IPHONEOS_DEPLOYMENT_TARGET</key>
				<string>16.0</string>
				<key>MTL_ENABLE_DEBUG_INFO</key>
				<string>NO</string>
				<key>PRODUCT_BUNDLE_IDENTIFIER</key>
				<string>com.fatewise.app</string>
				<key>SDKROOT</key>
				<string>iphoneos</string>
				<key>SWIFT_COMPILATION_MODE</key>
				<string>wholemodule</string>
				<key>SWIFT_OPTIMIZATION_LEVEL</key>
				<string>-O</string>
				<key>SWIFT_VERSION</key>
				<string>5.0</string>
				<key>TARGETED_DEVICE_FAMILY</key>
				<string>1,2</string>
				<key>VALIDATE_PRODUCT</key>
				<string>YES</string>
			</dict>
			<key>isa</key>
			<string>XCBuildConfiguration</string>
			<key>name</key>
			<string>Release</string>
		</dict>
		<key>C8AFD69CF8DC6F8757506FF5</key>
		<dict>
			<key>fileRef</key>
			<string>573E76B16F00DE7171355BBE</string>
			<key>isa</key>
			<string>PBXBuildFile</string>
		</dict>
		<key>D20C22F5695147CF2414E6AA</key>
		<dict>
			<key>explicitFileType</key>
			<string>sourcecode.swift</string>
			<key>isa</key>
			<string>PBXFileReference</string>
			<key>path</key>
			<string>SettingsView.swift</string>
			<key>sourceTree</key>
			<string>&lt;group&gt;</string>
		</dict>
		<key>D685C104AFFBCF83C7CB0FB6</key>
		<dict>
			<key>children</key>
			<array>
				<string>BA2C4087C1F2C6BA31D3B010</string>
				<string>573E76B16F00DE7171355BBE</string>
				<string>66EE357BCDEF731269AF5457</string>
				<string>B2B7A54C5E4D3641A0ACFB96</string>
				<string>8CA37D8760849C1796B91CFB</string>
				<string>E1E409D1DFB3898DD8512D54</string>
				<string>D20C22F5695147CF2414E6AA</string>
			</array>
			<key>isa</key>
			<string>PBXGroup</string>
			<key>path</key>
			<string></string>
			<key>sourceTree</key>
			<string>&lt;group&gt;</string>
		</dict>
		<key>E1E409D1DFB3898DD8512D54</key>
		<dict>
			<key>explicitFileType</key>
			<string>sourcecode.swift</string>
			<key>isa</key>
			<string>PBXFileReference</string>
			<key>path</key>
			<string>MainTabView.swift</string>
			<key>sourceTree</key>
			<string>&lt;group&gt;</string>
		</dict>
		<key>E7ED208BA9F0F3FC98F140BC</key>
		<dict>
			<key>fileRef</key>
			<string>BA2C4087C1F2C6BA31D3B010</string>
			<key>isa</key>
			<string>PBXBuildFile</string>
		</dict>
	</dict>
</dict>
</plist>
